
Microsoft Visual Studio Solution File, Format Version 12.00
# Visual Studio Version 16
VisualStudioVersion = 16.0.30204.135
MinimumVisualStudioVersion = 10.0.40219.1
Project("{FAE04EC0-301F-11D3-BF4B-00C04F79EFBC}") = "EZTest Server", "EZTest Server\EZTest Server.csproj", "{775EA8F3-D6E3-4830-B224-673BD1A01FF1}"
EndProject
Project("{FAE04EC0-301F-11D3-BF4B-00C04F79EFBC}") = "EZTest_Client", "EZTest_Client\EZTest_Client.csproj", "{0C6312F0-2334-49BE-98C5-3179F8EBE2E4}"
EndProject
Global
	GlobalSection(SolutionConfigurationPlatforms) = preSolution
		Debug|Any CPU = Debug|Any CPU
		Release|Any CPU = Release|Any CPU
	EndGlobalSection
	GlobalSection(ProjectConfigurationPlatforms) = postSolution
		{775EA8F3-D6E3-4830-B224-673BD1A01FF1}.Debug|Any CPU.ActiveCfg = Debug|Any CPU
		{775EA8F3-D6E3-4830-B224-673BD1A01FF1}.Debug|Any CPU.Build.0 = Debug|Any CPU
		{775EA8F3-D6E3-4830-B224-673BD1A01FF1}.Release|Any CPU.ActiveCfg = Release|Any CPU
		{775EA8F3-D6E3-4830-B224-673BD1A01FF1}.Release|Any CPU.Build.0 = Release|Any CPU
		{0C6312F0-2334-49BE-98C5-3179F8EBE2E4}.Debug|Any CPU.ActiveCfg = Debug|Any CPU
		{0C6312F0-2334-49BE-98C5-3179F8EBE2E4}.Debug|Any CPU.Build.0 = Debug|Any CPU
		{0C6312F0-2334-49BE-98C5-3179F8EBE2E4}.Release|Any CPU.ActiveCfg = Release|Any CPU
		{0C6312F0-2334-49BE-98C5-3179F8EBE2E4}.Release|Any CPU.Build.0 = Release|Any CPU
	EndGlobalSection
	GlobalSection(SolutionProperties) = preSolution
		HideSolutionNode = FALSE
	EndGlobalSection
	GlobalSection(ExtensibilityGlobals) = postSolution
		SolutionGuid = {EECD9221-E4EC-4717-984E-CBE743172126}
	EndGlobalSection
EndGlobal
